// !$*UTF8*$!
{
	archiveVersion = 1;
	classes = {
	};
	objectVersion = 46;
	objects = {

/* Begin PBXBuildFile section */
		BBAAFAD31B80BD84004C899D /* main.m in Sources */ = {isa = PBXBuildFile; fileRef = BBAAFAD21B80BD84004C899D /* main.m */; };
		BBAAFAD61B80BD84004C899D /* AppDelegate.m in Sources */ = {isa = PBXBuildFile; fileRef = BBAAFAD51B80BD84004C899D /* AppDelegate.m */; };
		BBAAFAD91B80BD84004C899D /* ViewController.m in Sources */ = {isa = PBXBuildFile; fileRef = BBAAFAD81B80BD84004C899D /* ViewController.m */; };
		BBAAFADC1B80BD84004C899D /* Main.storyboard in Resources */ = {isa = PBXBuildFile; fileRef = BBAAFADA1B80BD84004C899D /* Main.storyboard */; };
		BBAAFADE1B80BD84004C899D /* Images.xcassets in Resources */ = {isa = PBXBuildFile; fileRef = BBAAFADD1B80BD84004C899D /* Images.xcassets */; };
		BBAAFAE11B80BD84004C899D /* LaunchScreen.xib in Resources */ = {isa = PBXBuildFile; fileRef = BBAAFADF1B80BD84004C899D /* LaunchScreen.xib */; };
		BBAAFAED1B80BD84004C899D /* RestructureTests.m in Sources */ = {isa = PBXBuildFile; fileRef = BBAAFAEC1B80BD84004C899D /* RestructureTests.m */; };
/* End PBXBuildFile section */

/* Begin PBXContainerItemProxy section */
		BBAAFAE71B80BD84004C899D /* PBXContainerItemProxy */ = {
			isa = PBXContainerItemProxy;
			containerPortal = BBAAFAC51B80BD84004C899D /* Project object */;
			proxyType = 1;
			remoteGlobalIDString = BBAAFACC1B80BD84004C899D;
			remoteInfo = Restructure;
		};
/* End PBXContainerItemProxy section */

/* Begin PBXFileReference section */
		BBAAFACD1B80BD84004C899D /* Restructure.app */ = {isa = PBXFileReference; explicitFileType = wrapper.application; includeInIndex = 0; path = Restructure.app; sourceTree = BUILT_PRODUCTS_DIR; };
		BBAAFAD11B80BD84004C899D /* Info.plist */ = {isa = PBXFileReference; lastKnownFileType = text.plist.xml; path = Info.plist; sourceTree = "<group>"; };
		BBAAFAD21B80BD84004C899D /* main.m */ = {isa = PBXFileReference; lastKnownFileType = sourcecode.c.objc; path = main.m; sourceTree = "<group>"; };
		BBAAFAD41B80BD84004C899D /* AppDelegate.h */ = {isa = PBXFileReference; lastKnownFileType = sourcecode.c.h; path = AppDelegate.h; sourceTree = "<group>"; };
		BBAAFAD51B80BD84004C899D /* AppDelegate.m */ = {isa = PBXFileReference; lastKnownFileType = sourcecode.c.objc; path = AppDelegate.m; sourceTree = "<group>"; };
		BBAAFAD71B80BD84004C899D /* ViewController.h */ = {isa = PBXFileReference; lastKnownFileType = sourcecode.c.h; path = ViewController.h; sourceTree = "<group>"; };
		BBAAFAD81B80BD84004C899D /* ViewController.m */ = {isa = PBXFileReference; lastKnownFileType = sourcecode.c.objc; path = ViewController.m; sourceTree = "<group>"; };
		BBAAFADB1B80BD84004C899D /* Base */ = {isa = PBXFileReference; lastKnownFileType = file.storyboard; name = Base; path = Base.lproj/Main.storyboard; sourceTree = "<group>"; };
		BBAAFADD1B80BD84004C899D /* Images.xcassets */ = {isa = PBXFileReference; lastKnownFileType = folder.assetcatalog; path = Images.xcassets; sourceTree = "<group>"; };
		BBAAFAE01B80BD84004C899D /* Base */ = {isa = PBXFileReference; lastKnownFileType = file.xib; name = Base; path = Base.lproj/LaunchScreen.xib; sourceTree = "<group>"; };
		BBAAFAE61B80BD84004C899D /* RestructureTests.xctest */ = {isa = PBXFileReference; explicitFileType = wrapper.cfbundle; includeInIndex = 0; path = RestructureTests.xctest; sourceTree = BUILT_PRODUCTS_DIR; };
		BBAAFAEB1B80BD84004C899D /* Info.plist */ = {isa = PBXFileReference; lastKnownFileType = text.plist.xml; path = Info.plist; sourceTree = "<group>"; };
		BBAAFAEC1B80BD84004C899D /* RestructureTests.m */ = {isa = PBXFileReference; lastKnownFileType = sourcecode.c.objc; path = RestructureTests.m; sourceTree = "<group>"; };
/* End PBXFileReference section */

/* Begin PBXFrameworksBuildPhase section */
		BBAAFACA1B80BD84004C899D /* Frameworks */ = {
			isa = PBXFrameworksBuildPhase;
			buildActionMask = 2147483647;
			files = (
			);
			runOnlyForDeploymentPostprocessing = 0;
		};
		BBAAFAE31B80BD84004C899D /* Frameworks */ = {
			isa = PBXFrameworksBuildPhase;
			buildActionMask = 2147483647;
			files = (
			);
			runOnlyForDeploymentPostprocessing = 0;
		};
/* End PBXFrameworksBuildPhase section */

/* Begin PBXGroup section */
		BBAAFAC41B80BD84004C899D = {
			isa = PBXGroup;
			children = (
				BBAAFACF1B80BD84004C899D /* Restructure */,
				BBAAFAE91B80BD84004C899D /* RestructureTests */,
				BBAAFACE1B80BD84004C899D /* Products */,
			);
			sourceTree = "<group>";
		};
		BBAAFACE1B80BD84004C899D /* Products */ = {
			isa = PBXGroup;
			children = (
				BBAAFACD1B80BD84004C899D /* Restructure.app */,
				BBAAFAE61B80BD84004C899D /* RestructureTests.xctest */,
			);
			name = Products;
			sourceTree = "<group>";
		};
		BBAAFACF1B80BD84004C899D /* Restructure */ = {
			isa = PBXGroup;
			children = (
				BBAAFAD41B80BD84004C899D /* AppDelegate.h */,
				BBAAFAD51B80BD84004C899D /* AppDelegate.m */,
				BBAAFAD71B80BD84004C899D /* ViewController.h */,
				BBAAFAD81B80BD84004C899D /* ViewController.m */,
				BBAAFADA1B80BD84004C899D /* Main.storyboard */,
				BBAAFADD1B80BD84004C899D /* Images.xcassets */,
				BBAAFADF1B80BD84004C899D /* LaunchScreen.xib */,
				BBAAFAD01B80BD84004C899D /* Supporting Files */,
			);
			path = Restructure;
			sourceTree = "<group>";
		};
		BBAAFAD01B80BD84004C899D /* Supporting Files */ = {
			isa = PBXGroup;
			children = (
				BBAAFAD11B80BD84004C899D /* Info.plist */,
				BBAAFAD21B80BD84004C899D /* main.m */,
			);
			name = "Supporting Files";
			sourceTree = "<group>";
		};
		BBAAFAE91B80BD84004C899D /* RestructureTests */ = {
			isa = PBXGroup;
			children = (
				BBAAFAEC1B80BD84004C899D /* RestructureTests.m */,
				BBAAFAEA1B80BD84004C899D /* Supporting Files */,
			);
			path = RestructureTests;
			sourceTree = "<group>";
		};
		BBAAFAEA1B80BD84004C899D /* Supporting Files */ = {
			isa = PBXGroup;
			children = (
				BBAAFAEB1B80BD84004C899D /* Info.plist */,
			);
			name = "Supporting Files";
			sourceTree = "<group>";
		};
/* End PBXGroup section */

/* Begin PBXNativeTarget section */
		BBAAFACC1B80BD84004C899D /* Restructure */ = {
			isa = PBXNativeTarget;
			buildConfigurationList = BBAAFAF01B80BD84004C899D /* Build configuration list for PBXNativeTarget "Restructure" */;
			buildPhases = (
				BBAAFAC91B80BD84004C899D /* Sources */,
				BBAAFACA1B80BD84004C899D /* Frameworks */,
				BBAAFACB1B80BD84004C899D /* Resources */,
			);
			buildRules = (
			);
			dependencies = (
			);
			name = Restructure;
			productName = Restructure;
			productReference = BBAAFACD1B80BD84004C899D /* Restructure.app */;
			productType = "com.apple.product-type.application";
		};
		BBAAFAE51B80BD84004C899D /* RestructureTests */ = {
			isa = PBXNativeTarget;
			buildConfigurationList = BBAAFAF31B80BD84004C899D /* Build configuration list for PBXNativeTarget "RestructureTests" */;
			buildPhases = (
				BBAAFAE21B80BD84004C899D /* Sources */,
				BBAAFAE31B80BD84004C899D /* Frameworks */,
				BBAAFAE41B80BD84004C899D /* Resources */,
			);
			buildRules = (
			);
			dependencies = (
				BBAAFAE81B80BD84004C899D /* PBXTargetDependency */,
			);
			name = RestructureTests;
			productName = RestructureTests;
			productReference = BBAAFAE61B80BD84004C899D /* RestructureTests.xctest */;
			productType = "com.apple.product-type.bundle.unit-test";
		};
/* End PBXNativeTarget section */

/* Begin PBXProject section */
		BBAAFAC51B80BD84004C899D /* Project object */ = {
			isa = PBXProject;
			attributes = {
				LastUpgradeCheck = 0640;
				ORGANIZATIONNAME = "周祺华";
				TargetAttributes = {
					BBAAFACC1B80BD84004C899D = {
						CreatedOnToolsVersion = 6.4;
						DevelopmentTeam = AA2X2FK35G;
					};
					BBAAFAE51B80BD84004C899D = {
						CreatedOnToolsVersion = 6.4;
						TestTargetID = BBAAFACC1B80BD84004C899D;
					};
				};
			};
			buildConfigurationList = BBAAFAC81B80BD84004C899D /* Build configuration list for PBXProject "Restructure" */;
			compatibilityVersion = "Xcode 3.2";
			developmentRegion = English;
			hasScannedForEncodings = 0;
			knownRegions = (
				en,
				Base,
			);
			mainGroup = BBAAFAC41B80BD84004C899D;
			productRefGroup = BBAAFACE1B80BD84004C899D /* Products */;
			projectDirPath = "";
			projectRoot = "";
			targets = (
				BBAAFACC1B80BD84004C899D /* Restructure */,
				BBAAFAE51B80BD84004C899D /* RestructureTests */,
			);
		};
/* End PBXProject section */

/* Begin PBXResourcesBuildPhase section */
		BBAAFACB1B80BD84004C899D /* Resources */ = {
			isa = PBXResourcesBuildPhase;
			buildActionMask = 2147483647;
			files = (
				BBAAFADC1B80BD84004C899D /* Main.storyboard in Resources */,
				BBAAFAE11B80BD84004C899D /* LaunchScreen.xib in Resources */,
				BBAAFADE1B80BD84004C899D /* Images.xcassets in Resources */,
			);
			runOnlyForDeploymentPostprocessing = 0;
		};
		BBAAFAE41B80BD84004C899D /* Resources */ = {
			isa = PBXResourcesBuildPhase;
			buildActionMask = 2147483647;
			files = (
			);
			runOnlyForDeploymentPostprocessing = 0;
		};
/* End PBXResourcesBuildPhase section */

/* Begin PBXSourcesBuildPhase section */
		BBAAFAC91B80BD84004C899D /* Sources */ = {
			isa = PBXSourcesBuildPhase;
			buildActionMask = 2147483647;
			files = (
				BBAAFAD91B80BD84004C899D /* ViewController.m in Sources */,
				BBAAFAD61B80BD84004C899D /* AppDelegate.m in Sources */,
				BBAAFAD31B80BD84004C899D /* main.m in Sources */,
			);
			runOnlyForDeploymentPostprocessing = 0;
		};
		BBAAFAE21B80BD84004C899D /* Sources */ = {
			isa = PBXSourcesBuildPhase;
			buildActionMask = 2147483647;
			files = (
				BBAAFAED1B80BD84004C899D /* RestructureTests.m in Sources */,
			);
			runOnlyForDeploymentPostprocessing = 0;
		};
/* End PBXSourcesBuildPhase section */

/* Begin PBXTargetDependency section */
		BBAAFAE81B80BD84004C899D /* PBXTargetDependency */ = {
			isa = PBXTargetDependency;
			target = BBAAFACC1B80BD84004C899D /* Restructure */;
			targetProxy = BBAAFAE71B80BD84004C899D /* PBXContainerItemProxy */;
		};
/* End PBXTargetDependency section */

/* Begin PBXVariantGroup section */
		BBAAFADA1B80BD84004C899D /* Main.storyboard */ = {
			isa = PBXVariantGroup;
			children = (
				BBAAFADB1B80BD84004C899D /* Base */,
			);
			name = Main.storyboard;
			sourceTree = "<group>";
		};
		BBAAFADF1B80BD84004C899D /* LaunchScreen.xib */ = {
			isa = PBXVariantGroup;
			children = (
				BBAAFAE01B80BD84004C899D /* Base */,
			);
			name = LaunchScreen.xib;
			sourceTree = "<group>";
		};
/* End PBXVariantGroup section */

/* Begin XCBuildConfiguration section */
		BBAAFAEE1B80BD84004C899D /* Debug */ = {
			isa = XCBuildConfiguration;
			buildSettings = {
				ALWAYS_SEARCH_USER_PATHS = NO;
				CLANG_CXX_LANGUAGE_STANDARD = "gnu++0x";
				CLANG_CXX_LIBRARY = "libc++";
				CLANG_ENABLE_MODULES = YES;
				CLANG_ENABLE_OBJC_ARC = YES;
				CLANG_WARN_BOOL_CONVERSION = YES;
				CLANG_WARN_CONSTANT_CONVERSION = YES;
				CLANG_WARN_DIRECT_OBJC_ISA_USAGE = YES_ERROR;
				CLANG_WARN_EMPTY_BODY = YES;
				CLANG_WARN_ENUM_CONVERSION = YES;
				CLANG_WARN_INT_CONVERSION = YES;
				CLANG_WARN_OBJC_ROOT_CLASS = YES_ERROR;
				CLANG_WARN_UNREACHABLE_CODE = YES;
				CLANG_WARN__DUPLICATE_METHOD_MATCH = YES;
				"CODE_SIGN_IDENTITY[sdk=iphoneos*]" = "iPhone Developer";
				COPY_PHASE_STRIP = NO;
				DEBUG_INFORMATION_FORMAT = "dwarf-with-dsym";
				ENABLE_STRICT_OBJC_MSGSEND = YES;
				GCC_C_LANGUAGE_STANDARD = gnu99;
				GCC_DYNAMIC_NO_PIC = NO;
				GCC_NO_COMMON_BLOCKS = YES;
				GCC_OPTIMIZATION_LEVEL = 0;
				GCC_PREPROCESSOR_DEFINITIONS = (
					"DEBUG=1",
					"$(inherited)",
				);
				GCC_SYMBOLS_PRIVATE_EXTERN = NO;
				GCC_WARN_64_TO_32_BIT_CONVERSION = YES;
				GCC_WARN_ABOUT_RETURN_TYPE = YES_ERROR;
				GCC_WARN_UNDECLARED_SELECTOR = YES;
				GCC_WARN_UNINITIALIZED_AUTOS = YES_AGGRESSIVE;
				GCC_WARN_UNUSED_FUNCTION = YES;
				GCC_WARN_UNUSED_VARIABLE = YES;
				IPHONEOS_DEPLOYMENT_TARGET = 8.4;
				MTL_ENABLE_DEBUG_INFO = YES;
				ONLY_ACTIVE_ARCH = YES;
				SDKROOT = iphoneos;
			};
			name = Debug;
		};
		BBAAFAEF1B80BD84004C899D /* Release */ = {
			isa = XCBuildConfiguration;
			buildSettings = {
				ALWAYS_SEARCH_USER_PATHS = NO;
				CLANG_CXX_LANGUAGE_STANDARD = "gnu++0x";
				CLANG_CXX_LIBRARY = "libc++";
				CLANG_ENABLE_MODULES = YES;
				CLANG_ENABLE_OBJC_ARC = YES;
				CLANG_WARN_BOOL_CONVERSION = YES;
				CLANG_WARN_CONSTANT_CONVERSION = YES;
				CLANG_WARN_DIRECT_OBJC_ISA_USAGE = YES_ERROR;
				CLANG_WARN_EMPTY_BODY = YES;
				CLANG_WARN_ENUM_CONVERSION = YES;
				CLANG_WARN_INT_CONVERSION = YES;
				CLANG_WARN_OBJC_ROOT_CLASS = YES_ERROR;
				CLANG_WARN_UNREACHABLE_CODE = YES;
				CLANG_WARN__DUPLICATE_METHOD_MATCH = YES;
				"CODE_SIGN_IDENTITY[sdk=iphoneos*]" = "iPhone Developer";
				COPY_PHASE_STRIP = NO;
				DEBUG_INFORMATION_FORMAT = "dwarf-with-dsym";
				ENABLE_NS_ASSERTIONS = NO;
				ENABLE_STRICT_OBJC_MSGSEND = YES;
				GCC_C_LANGUAGE_STANDARD = gnu99;
				GCC_NO_COMMON_BLOCKS = YES;
				GCC_WARN_64_TO_32_BIT_CONVERSION = YES;
				GCC_WARN_ABOUT_RETURN_TYPE = YES_ERROR;
				GCC_WARN_UNDECLARED_SELECTOR = YES;
				GCC_WARN_UNINITIALIZED_AUTOS = YES_AGGRESSIVE;
				GCC_WARN_UNUSED_FUNCTION = YES;
				GCC_WARN_UNUSED_VARIABLE = YES;
				IPHONEOS_DEPLOYMENT_TARGET = 8.4;
				MTL_ENABLE_DEBUG_INFO = NO;
				SDKROOT = iphoneos;
				VALIDATE_PRODUCT = YES;
			};
			name = Release;
		};
		BBAAFAF11B80BD84004C899D /* Debug */ = {
			isa = XCBuildConfiguration;
			buildSettings = {
				ASSETCATALOG_COMPILER_APPICON_NAME = AppIcon;
				CODE_SIGN_IDENTITY = "iPhone Developer";
				"CODE_SIGN_IDENTITY[sdk=iphoneos*]" = "iPhone Developer";
				INFOPLIST_FILE = Restructure/Info.plist;
				LD_RUNPATH_SEARCH_PATHS = "$(inherited) @executable_path/Frameworks";
				PRODUCT_NAME = "$(TARGET_NAME)";
				PROVISIONING_PROFILE = "";
			};
			name = Debug;
		};
		BBAAFAF21B80BD84004C899D /* Release */ = {
			isa = XCBuildConfiguration;
			buildSettings = {
				ASSETCATALOG_COMPILER_APPICON_NAME = AppIcon;
				CODE_SIGN_IDENTITY = "iPhone Developer";
				"CODE_SIGN_IDENTITY[sdk=iphoneos*]" = "iPhone Developer";
				INFOPLIST_FILE = Restructure/Info.plist;
				LD_RUNPATH_SEARCH_PATHS = "$(inherited) @executable_path/Frameworks";
				PRODUCT_NAME = "$(TARGET_NAME)";
				PROVISIONING_PROFILE = "";
			};
			name = Release;
		};
		BBAAFAF41B80BD84004C899D /* Debug */ = {
			isa = XCBuildConfiguration;
			buildSettings = {
				BUNDLE_LOADER = "$(TEST_HOST)";
				FRAMEWORK_SEARCH_PATHS = (
					"$(SDKROOT)/Developer/Library/Frameworks",
					"$(inherited)",
				);
				GCC_PREPROCESSOR_DEFINITIONS = (
					"DEBUG=1",
					"$(inherited)",
				);
				INFOPLIST_FILE = RestructureTests/Info.plist;
				LD_RUNPATH_SEARCH_PATHS = "$(inherited) @executable_path/Frameworks @loader_path/Frameworks";
				PRODUCT_NAME = "$(TARGET_NAME)";
				TEST_HOST = "$(BUILT_PRODUCTS_DIR)/Restructure.app/Restructure";
			};
			name = Debug;
		};
		BBAAFAF51B80BD84004C899D /* Release */ = {
			isa = XCBuildConfiguration;
			buildSettings = {
				BUNDLE_LOADER = "$(TEST_HOST)";
				FRAMEWORK_SEARCH_PATHS = (
					"$(SDKROOT)/Developer/Library/Frameworks",
					"$(inherited)",
				);
				INFOPLIST_FILE = RestructureTests/Info.plist;
				LD_RUNPATH_SEARCH_PATHS = "$(inherited) @executable_path/Frameworks @loader_path/Frameworks";
				PRODUCT_NAME = "$(TARGET_NAME)";
				TEST_HOST = "$(BUILT_PRODUCTS_DIR)/Restructure.app/Restructure";
			};
			name = Release;
		};
/* End XCBuildConfiguration section */

/* Begin XCConfigurationList section */
		BBAAFAC81B80BD84004C899D /* Build configuration list for PBXProject "Restructure" */ = {
			isa = XCConfigurationList;
			buildConfigurations = (
				BBAAFAEE1B80BD84004C899D /* Debug */,
				BBAAFAEF1B80BD84004C899D /* Release */,
			);
			defaultConfigurationIsVisible = 0;
			defaultConfigurationName = Release;
		};
		BBAAFAF01B80BD84004C899D /* Build configuration list for PBXNativeTarget "Restructure" */ = {
			isa = XCConfigurationList;
			buildConfigurations = (
				BBAAFAF11B80BD84004C899D /* Debug */,
				BBAAFAF21B80BD84004C899D /* Release */,
			);
			defaultConfigurationIsVisible = 0;
			defaultConfigurationName = Release;
		};
		BBAAFAF31B80BD84004C899D /* Build configuration list for PBXNativeTarget "RestructureTests" */ = {
			isa = XCConfigurationList;
			buildConfigurations = (
				BBAAFAF41B80BD84004C899D /* Debug */,
				BBAAFAF51B80BD84004C899D /* Release */,
			);
			defaultConfigurationIsVisible = 0;
			defaultConfigurationName = Release;
		};
/* End XCConfigurationList section */
	};
	rootObject = BBAAFAC51B80BD84004C899D /* Project object */;
}
