// !$*UTF8*$!
{
	archiveVersion = 1;
	classes = {
	};
	objectVersion = 46;
	objects = {

/* Begin PBXBuildFile section */
		BBAAFAA11B80B066004C899D /* main.m in Sources */ = {isa = PBXBuildFile; fileRef = BBAAFAA01B80B066004C899D /* main.m */; };
		BBAAFAA41B80B066004C899D /* AppDelegate.m in Sources */ = {isa = PBXBuildFile; fileRef = BBAAFAA31B80B066004C899D /* AppDelegate.m */; };
		BBAAFAA71B80B066004C899D /* ViewController.m in Sources */ = {isa = PBXBuildFile; fileRef = BBAAFAA61B80B066004C899D /* ViewController.m */; };
		BBAAFAAA1B80B066004C899D /* Main.storyboard in Resources */ = {isa = PBXBuildFile; fileRef = BBAAFAA81B80B066004C899D /* Main.storyboard */; };
		BBAAFAAC1B80B066004C899D /* Images.xcassets in Resources */ = {isa = PBXBuildFile; fileRef = BBAAFAAB1B80B066004C899D /* Images.xcassets */; };
		BBAAFAAF1B80B066004C899D /* LaunchScreen.xib in Resources */ = {isa = PBXBuildFile; fileRef = BBAAFAAD1B80B066004C899D /* LaunchScreen.xib */; };
		BBAAFABB1B80B066004C899D /* AutosizeTests.m in Sources */ = {isa = PBXBuildFile; fileRef = BBAAFABA1B80B066004C899D /* AutosizeTests.m */; };
/* End PBXBuildFile section */

/* Begin PBXContainerItemProxy section */
		BBAAFAB51B80B066004C899D /* PBXContainerItemProxy */ = {
			isa = PBXContainerItemProxy;
			containerPortal = BBAAFA931B80B066004C899D /* Project object */;
			proxyType = 1;
			remoteGlobalIDString = BBAAFA9A1B80B066004C899D;
			remoteInfo = Autosize;
		};
/* End PBXContainerItemProxy section */

/* Begin PBXFileReference section */
		BBAAFA9B1B80B066004C899D /* Autosize.app */ = {isa = PBXFileReference; explicitFileType = wrapper.application; includeInIndex = 0; path = Autosize.app; sourceTree = BUILT_PRODUCTS_DIR; };
		BBAAFA9F1B80B066004C899D /* Info.plist */ = {isa = PBXFileReference; lastKnownFileType = text.plist.xml; path = Info.plist; sourceTree = "<group>"; };
		BBAAFAA01B80B066004C899D /* main.m */ = {isa = PBXFileReference; lastKnownFileType = sourcecode.c.objc; path = main.m; sourceTree = "<group>"; };
		BBAAFAA21B80B066004C899D /* AppDelegate.h */ = {isa = PBXFileReference; lastKnownFileType = sourcecode.c.h; path = AppDelegate.h; sourceTree = "<group>"; };
		BBAAFAA31B80B066004C899D /* AppDelegate.m */ = {isa = PBXFileReference; lastKnownFileType = sourcecode.c.objc; path = AppDelegate.m; sourceTree = "<group>"; };
		BBAAFAA51B80B066004C899D /* ViewController.h */ = {isa = PBXFileReference; lastKnownFileType = sourcecode.c.h; path = ViewController.h; sourceTree = "<group>"; };
		BBAAFAA61B80B066004C899D /* ViewController.m */ = {isa = PBXFileReference; lastKnownFileType = sourcecode.c.objc; path = ViewController.m; sourceTree = "<group>"; };
		BBAAFAA91B80B066004C899D /* Base */ = {isa = PBXFileReference; lastKnownFileType = file.storyboard; name = Base; path = Base.lproj/Main.storyboard; sourceTree = "<group>"; };
		BBAAFAAB1B80B066004C899D /* Images.xcassets */ = {isa = PBXFileReference; lastKnownFileType = folder.assetcatalog; path = Images.xcassets; sourceTree = "<group>"; };
		BBAAFAAE1B80B066004C899D /* Base */ = {isa = PBXFileReference; lastKnownFileType = file.xib; name = Base; path = Base.lproj/LaunchScreen.xib; sourceTree = "<group>"; };
		BBAAFAB41B80B066004C899D /* AutosizeTests.xctest */ = {isa = PBXFileReference; explicitFileType = wrapper.cfbundle; includeInIndex = 0; path = AutosizeTests.xctest; sourceTree = BUILT_PRODUCTS_DIR; };
		BBAAFAB91B80B066004C899D /* Info.plist */ = {isa = PBXFileReference; lastKnownFileType = text.plist.xml; path = Info.plist; sourceTree = "<group>"; };
		BBAAFABA1B80B066004C899D /* AutosizeTests.m */ = {isa = PBXFileReference; lastKnownFileType = sourcecode.c.objc; path = AutosizeTests.m; sourceTree = "<group>"; };
/* End PBXFileReference section */

/* Begin PBXFrameworksBuildPhase section */
		BBAAFA981B80B066004C899D /* Frameworks */ = {
			isa = PBXFrameworksBuildPhase;
			buildActionMask = 2147483647;
			files = (
			);
			runOnlyForDeploymentPostprocessing = 0;
		};
		BBAAFAB11B80B066004C899D /* Frameworks */ = {
			isa = PBXFrameworksBuildPhase;
			buildActionMask = 2147483647;
			files = (
			);
			runOnlyForDeploymentPostprocessing = 0;
		};
/* End PBXFrameworksBuildPhase section */

/* Begin PBXGroup section */
		BBAAFA921B80B066004C899D = {
			isa = PBXGroup;
			children = (
				BBAAFA9D1B80B066004C899D /* Autosize */,
				BBAAFAB71B80B066004C899D /* AutosizeTests */,
				BBAAFA9C1B80B066004C899D /* Products */,
			);
			sourceTree = "<group>";
		};
		BBAAFA9C1B80B066004C899D /* Products */ = {
			isa = PBXGroup;
			children = (
				BBAAFA9B1B80B066004C899D /* Autosize.app */,
				BBAAFAB41B80B066004C899D /* AutosizeTests.xctest */,
			);
			name = Products;
			sourceTree = "<group>";
		};
		BBAAFA9D1B80B066004C899D /* Autosize */ = {
			isa = PBXGroup;
			children = (
				BBAAFAA21B80B066004C899D /* AppDelegate.h */,
				BBAAFAA31B80B066004C899D /* AppDelegate.m */,
				BBAAFAA51B80B066004C899D /* ViewController.h */,
				BBAAFAA61B80B066004C899D /* ViewController.m */,
				BBAAFAA81B80B066004C899D /* Main.storyboard */,
				BBAAFAAB1B80B066004C899D /* Images.xcassets */,
				BBAAFAAD1B80B066004C899D /* LaunchScreen.xib */,
				BBAAFA9E1B80B066004C899D /* Supporting Files */,
			);
			path = Autosize;
			sourceTree = "<group>";
		};
		BBAAFA9E1B80B066004C899D /* Supporting Files */ = {
			isa = PBXGroup;
			children = (
				BBAAFA9F1B80B066004C899D /* Info.plist */,
				BBAAFAA01B80B066004C899D /* main.m */,
			);
			name = "Supporting Files";
			sourceTree = "<group>";
		};
		BBAAFAB71B80B066004C899D /* AutosizeTests */ = {
			isa = PBXGroup;
			children = (
				BBAAFABA1B80B066004C899D /* AutosizeTests.m */,
				BBAAFAB81B80B066004C899D /* Supporting Files */,
			);
			path = AutosizeTests;
			sourceTree = "<group>";
		};
		BBAAFAB81B80B066004C899D /* Supporting Files */ = {
			isa = PBXGroup;
			children = (
				BBAAFAB91B80B066004C899D /* Info.plist */,
			);
			name = "Supporting Files";
			sourceTree = "<group>";
		};
/* End PBXGroup section */

/* Begin PBXNativeTarget section */
		BBAAFA9A1B80B066004C899D /* Autosize */ = {
			isa = PBXNativeTarget;
			buildConfigurationList = BBAAFABE1B80B066004C899D /* Build configuration list for PBXNativeTarget "Autosize" */;
			buildPhases = (
				BBAAFA971B80B066004C899D /* Sources */,
				BBAAFA981B80B066004C899D /* Frameworks */,
				BBAAFA991B80B066004C899D /* Resources */,
			);
			buildRules = (
			);
			dependencies = (
			);
			name = Autosize;
			productName = Autosize;
			productReference = BBAAFA9B1B80B066004C899D /* Autosize.app */;
			productType = "com.apple.product-type.application";
		};
		BBAAFAB31B80B066004C899D /* AutosizeTests */ = {
			isa = PBXNativeTarget;
			buildConfigurationList = BBAAFAC11B80B066004C899D /* Build configuration list for PBXNativeTarget "AutosizeTests" */;
			buildPhases = (
				BBAAFAB01B80B066004C899D /* Sources */,
				BBAAFAB11B80B066004C899D /* Frameworks */,
				BBAAFAB21B80B066004C899D /* Resources */,
			);
			buildRules = (
			);
			dependencies = (
				BBAAFAB61B80B066004C899D /* PBXTargetDependency */,
			);
			name = AutosizeTests;
			productName = AutosizeTests;
			productReference = BBAAFAB41B80B066004C899D /* AutosizeTests.xctest */;
			productType = "com.apple.product-type.bundle.unit-test";
		};
/* End PBXNativeTarget section */

/* Begin PBXProject section */
		BBAAFA931B80B066004C899D /* Project object */ = {
			isa = PBXProject;
			attributes = {
				LastUpgradeCheck = 0640;
				ORGANIZATIONNAME = "周祺华";
				TargetAttributes = {
					BBAAFA9A1B80B066004C899D = {
						CreatedOnToolsVersion = 6.4;
					};
					BBAAFAB31B80B066004C899D = {
						CreatedOnToolsVersion = 6.4;
						TestTargetID = BBAAFA9A1B80B066004C899D;
					};
				};
			};
			buildConfigurationList = BBAAFA961B80B066004C899D /* Build configuration list for PBXProject "Autosize" */;
			compatibilityVersion = "Xcode 3.2";
			developmentRegion = English;
			hasScannedForEncodings = 0;
			knownRegions = (
				en,
				Base,
			);
			mainGroup = BBAAFA921B80B066004C899D;
			productRefGroup = BBAAFA9C1B80B066004C899D /* Products */;
			projectDirPath = "";
			projectRoot = "";
			targets = (
				BBAAFA9A1B80B066004C899D /* Autosize */,
				BBAAFAB31B80B066004C899D /* AutosizeTests */,
			);
		};
/* End PBXProject section */

/* Begin PBXResourcesBuildPhase section */
		BBAAFA991B80B066004C899D /* Resources */ = {
			isa = PBXResourcesBuildPhase;
			buildActionMask = 2147483647;
			files = (
				BBAAFAAA1B80B066004C899D /* Main.storyboard in Resources */,
				BBAAFAAF1B80B066004C899D /* LaunchScreen.xib in Resources */,
				BBAAFAAC1B80B066004C899D /* Images.xcassets in Resources */,
			);
			runOnlyForDeploymentPostprocessing = 0;
		};
		BBAAFAB21B80B066004C899D /* Resources */ = {
			isa = PBXResourcesBuildPhase;
			buildActionMask = 2147483647;
			files = (
			);
			runOnlyForDeploymentPostprocessing = 0;
		};
/* End PBXResourcesBuildPhase section */

/* Begin PBXSourcesBuildPhase section */
		BBAAFA971B80B066004C899D /* Sources */ = {
			isa = PBXSourcesBuildPhase;
			buildActionMask = 2147483647;
			files = (
				BBAAFAA71B80B066004C899D /* ViewController.m in Sources */,
				BBAAFAA41B80B066004C899D /* AppDelegate.m in Sources */,
				BBAAFAA11B80B066004C899D /* main.m in Sources */,
			);
			runOnlyForDeploymentPostprocessing = 0;
		};
		BBAAFAB01B80B066004C899D /* Sources */ = {
			isa = PBXSourcesBuildPhase;
			buildActionMask = 2147483647;
			files = (
				BBAAFABB1B80B066004C899D /* AutosizeTests.m in Sources */,
			);
			runOnlyForDeploymentPostprocessing = 0;
		};
/* End PBXSourcesBuildPhase section */

/* Begin PBXTargetDependency section */
		BBAAFAB61B80B066004C899D /* PBXTargetDependency */ = {
			isa = PBXTargetDependency;
			target = BBAAFA9A1B80B066004C899D /* Autosize */;
			targetProxy = BBAAFAB51B80B066004C899D /* PBXContainerItemProxy */;
		};
/* End PBXTargetDependency section */

/* Begin PBXVariantGroup section */
		BBAAFAA81B80B066004C899D /* Main.storyboard */ = {
			isa = PBXVariantGroup;
			children = (
				BBAAFAA91B80B066004C899D /* Base */,
			);
			name = Main.storyboard;
			sourceTree = "<group>";
		};
		BBAAFAAD1B80B066004C899D /* LaunchScreen.xib */ = {
			isa = PBXVariantGroup;
			children = (
				BBAAFAAE1B80B066004C899D /* Base */,
			);
			name = LaunchScreen.xib;
			sourceTree = "<group>";
		};
/* End PBXVariantGroup section */

/* Begin XCBuildConfiguration section */
		BBAAFABC1B80B066004C899D /* Debug */ = {
			isa = XCBuildConfiguration;
			buildSettings = {
				ALWAYS_SEARCH_USER_PATHS = NO;
				CLANG_CXX_LANGUAGE_STANDARD = "gnu++0x";
				CLANG_CXX_LIBRARY = "libc++";
				CLANG_ENABLE_MODULES = YES;
				CLANG_ENABLE_OBJC_ARC = YES;
				CLANG_WARN_BOOL_CONVERSION = YES;
				CLANG_WARN_CONSTANT_CONVERSION = YES;
				CLANG_WARN_DIRECT_OBJC_ISA_USAGE = YES_ERROR;
				CLANG_WARN_EMPTY_BODY = YES;
				CLANG_WARN_ENUM_CONVERSION = YES;
				CLANG_WARN_INT_CONVERSION = YES;
				CLANG_WARN_OBJC_ROOT_CLASS = YES_ERROR;
				CLANG_WARN_UNREACHABLE_CODE = YES;
				CLANG_WARN__DUPLICATE_METHOD_MATCH = YES;
				"CODE_SIGN_IDENTITY[sdk=iphoneos*]" = "iPhone Developer";
				COPY_PHASE_STRIP = NO;
				DEBUG_INFORMATION_FORMAT = "dwarf-with-dsym";
				ENABLE_STRICT_OBJC_MSGSEND = YES;
				GCC_C_LANGUAGE_STANDARD = gnu99;
				GCC_DYNAMIC_NO_PIC = NO;
				GCC_NO_COMMON_BLOCKS = YES;
				GCC_OPTIMIZATION_LEVEL = 0;
				GCC_PREPROCESSOR_DEFINITIONS = (
					"DEBUG=1",
					"$(inherited)",
				);
				GCC_SYMBOLS_PRIVATE_EXTERN = NO;
				GCC_WARN_64_TO_32_BIT_CONVERSION = YES;
				GCC_WARN_ABOUT_RETURN_TYPE = YES_ERROR;
				GCC_WARN_UNDECLARED_SELECTOR = YES;
				GCC_WARN_UNINITIALIZED_AUTOS = YES_AGGRESSIVE;
				GCC_WARN_UNUSED_FUNCTION = YES;
				GCC_WARN_UNUSED_VARIABLE = YES;
				IPHONEOS_DEPLOYMENT_TARGET = 8.4;
				MTL_ENABLE_DEBUG_INFO = YES;
				ONLY_ACTIVE_ARCH = YES;
				SDKROOT = iphoneos;
			};
			name = Debug;
		};
		BBAAFABD1B80B066004C899D /* Release */ = {
			isa = XCBuildConfiguration;
			buildSettings = {
				ALWAYS_SEARCH_USER_PATHS = NO;
				CLANG_CXX_LANGUAGE_STANDARD = "gnu++0x";
				CLANG_CXX_LIBRARY = "libc++";
				CLANG_ENABLE_MODULES = YES;
				CLANG_ENABLE_OBJC_ARC = YES;
				CLANG_WARN_BOOL_CONVERSION = YES;
				CLANG_WARN_CONSTANT_CONVERSION = YES;
				CLANG_WARN_DIRECT_OBJC_ISA_USAGE = YES_ERROR;
				CLANG_WARN_EMPTY_BODY = YES;
				CLANG_WARN_ENUM_CONVERSION = YES;
				CLANG_WARN_INT_CONVERSION = YES;
				CLANG_WARN_OBJC_ROOT_CLASS = YES_ERROR;
				CLANG_WARN_UNREACHABLE_CODE = YES;
				CLANG_WARN__DUPLICATE_METHOD_MATCH = YES;
				"CODE_SIGN_IDENTITY[sdk=iphoneos*]" = "iPhone Developer";
				COPY_PHASE_STRIP = NO;
				DEBUG_INFORMATION_FORMAT = "dwarf-with-dsym";
				ENABLE_NS_ASSERTIONS = NO;
				ENABLE_STRICT_OBJC_MSGSEND = YES;
				GCC_C_LANGUAGE_STANDARD = gnu99;
				GCC_NO_COMMON_BLOCKS = YES;
				GCC_WARN_64_TO_32_BIT_CONVERSION = YES;
				GCC_WARN_ABOUT_RETURN_TYPE = YES_ERROR;
				GCC_WARN_UNDECLARED_SELECTOR = YES;
				GCC_WARN_UNINITIALIZED_AUTOS = YES_AGGRESSIVE;
				GCC_WARN_UNUSED_FUNCTION = YES;
				GCC_WARN_UNUSED_VARIABLE = YES;
				IPHONEOS_DEPLOYMENT_TARGET = 8.4;
				MTL_ENABLE_DEBUG_INFO = NO;
				SDKROOT = iphoneos;
				VALIDATE_PRODUCT = YES;
			};
			name = Release;
		};
		BBAAFABF1B80B066004C899D /* Debug */ = {
			isa = XCBuildConfiguration;
			buildSettings = {
				ASSETCATALOG_COMPILER_APPICON_NAME = AppIcon;
				INFOPLIST_FILE = Autosize/Info.plist;
				LD_RUNPATH_SEARCH_PATHS = "$(inherited) @executable_path/Frameworks";
				PRODUCT_NAME = "$(TARGET_NAME)";
			};
			name = Debug;
		};
		BBAAFAC01B80B066004C899D /* Release */ = {
			isa = XCBuildConfiguration;
			buildSettings = {
				ASSETCATALOG_COMPILER_APPICON_NAME = AppIcon;
				INFOPLIST_FILE = Autosize/Info.plist;
				LD_RUNPATH_SEARCH_PATHS = "$(inherited) @executable_path/Frameworks";
				PRODUCT_NAME = "$(TARGET_NAME)";
			};
			name = Release;
		};
		BBAAFAC21B80B066004C899D /* Debug */ = {
			isa = XCBuildConfiguration;
			buildSettings = {
				BUNDLE_LOADER = "$(TEST_HOST)";
				FRAMEWORK_SEARCH_PATHS = (
					"$(SDKROOT)/Developer/Library/Frameworks",
					"$(inherited)",
				);
				GCC_PREPROCESSOR_DEFINITIONS = (
					"DEBUG=1",
					"$(inherited)",
				);
				INFOPLIST_FILE = AutosizeTests/Info.plist;
				LD_RUNPATH_SEARCH_PATHS = "$(inherited) @executable_path/Frameworks @loader_path/Frameworks";
				PRODUCT_NAME = "$(TARGET_NAME)";
				TEST_HOST = "$(BUILT_PRODUCTS_DIR)/Autosize.app/Autosize";
			};
			name = Debug;
		};
		BBAAFAC31B80B066004C899D /* Release */ = {
			isa = XCBuildConfiguration;
			buildSettings = {
				BUNDLE_LOADER = "$(TEST_HOST)";
				FRAMEWORK_SEARCH_PATHS = (
					"$(SDKROOT)/Developer/Library/Frameworks",
					"$(inherited)",
				);
				INFOPLIST_FILE = AutosizeTests/Info.plist;
				LD_RUNPATH_SEARCH_PATHS = "$(inherited) @executable_path/Frameworks @loader_path/Frameworks";
				PRODUCT_NAME = "$(TARGET_NAME)";
				TEST_HOST = "$(BUILT_PRODUCTS_DIR)/Autosize.app/Autosize";
			};
			name = Release;
		};
/* End XCBuildConfiguration section */

/* Begin XCConfigurationList section */
		BBAAFA961B80B066004C899D /* Build configuration list for PBXProject "Autosize" */ = {
			isa = XCConfigurationList;
			buildConfigurations = (
				BBAAFABC1B80B066004C899D /* Debug */,
				BBAAFABD1B80B066004C899D /* Release */,
			);
			defaultConfigurationIsVisible = 0;
			defaultConfigurationName = Release;
		};
		BBAAFABE1B80B066004C899D /* Build configuration list for PBXNativeTarget "Autosize" */ = {
			isa = XCConfigurationList;
			buildConfigurations = (
				BBAAFABF1B80B066004C899D /* Debug */,
				BBAAFAC01B80B066004C899D /* Release */,
			);
			defaultConfigurationIsVisible = 0;
		};
		BBAAFAC11B80B066004C899D /* Build configuration list for PBXNativeTarget "AutosizeTests" */ = {
			isa = XCConfigurationList;
			buildConfigurations = (
				BBAAFAC21B80B066004C899D /* Debug */,
				BBAAFAC31B80B066004C899D /* Release */,
			);
			defaultConfigurationIsVisible = 0;
		};
/* End XCConfigurationList section */
	};
	rootObject = BBAAFA931B80B066004C899D /* Project object */;
}
